
Microsoft Visual Studio Solution File, Format Version 12.00
# Visual Studio 15
VisualStudioVersion = 15.0.28307.438
MinimumVisualStudioVersion = 10.0.40219.1
Project("{888888A0-9F3D-457C-B088-3A5042F75D52}") = "Big_data_ML", "Big_data_ML\Big_data_ML.pyproj", "{2AE3A354-0A5C-485E-BC03-65DC51E2EC8D}"
EndProject
Global
	GlobalSection(SolutionConfigurationPlatforms) = preSolution
		Debug|Any CPU = Debug|Any CPU
		Release|Any CPU = Release|Any CPU
	EndGlobalSection
	GlobalSection(ProjectConfigurationPlatforms) = postSolution
		{2AE3A354-0A5C-485E-BC03-65DC51E2EC8D}.Debug|Any CPU.ActiveCfg = Debug|Any CPU
		{2AE3A354-0A5C-485E-BC03-65DC51E2EC8D}.Release|Any CPU.ActiveCfg = Release|Any CPU
	EndGlobalSection
	GlobalSection(SolutionProperties) = preSolution
		HideSolutionNode = FALSE
	EndGlobalSection
	GlobalSection(ExtensibilityGlobals) = postSolution
		SolutionGuid = {2160E55B-ACFA-42BA-B851-B2B91F3AA271}
	EndGlobalSection
EndGlobal
